
Microsoft Visual Studio Solution File, Format Version 12.00
# Visual Studio 15
VisualStudioVersion = 15.0.28307.421
MinimumVisualStudioVersion = 10.0.40219.1
Project("{FAE04EC0-301F-11D3-BF4B-00C04F79EFBC}") = "Hi Fresh", "Hi Fresh\Hi Fresh.csproj", "{A6620856-65C9-4681-AA16-EDC79F1F479D}"
EndProject
Global
	GlobalSection(SolutionConfigurationPlatforms) = preSolution
		Debug|Any CPU = Debug|Any CPU
		Release|Any CPU = Release|Any CPU
	EndGlobalSection
	GlobalSection(ProjectConfigurationPlatforms) = postSolution
		{A6620856-65C9-4681-AA16-EDC79F1F479D}.Debug|Any CPU.ActiveCfg = Debug|Any CPU
		{A6620856-65C9-4681-AA16-EDC79F1F479D}.Debug|Any CPU.Build.0 = Debug|Any CPU
		{A6620856-65C9-4681-AA16-EDC79F1F479D}.Release|Any CPU.ActiveCfg = Release|Any CPU
		{A6620856-65C9-4681-AA16-EDC79F1F479D}.Release|Any CPU.Build.0 = Release|Any CPU
	EndGlobalSection
	GlobalSection(SolutionProperties) = preSolution
		HideSolutionNode = FALSE
	EndGlobalSection
	GlobalSection(ExtensibilityGlobals) = postSolution
		SolutionGuid = {902A1FA8-BFD6-430B-8ACC-1460C84E1D1D}
	EndGlobalSection
EndGlobal
